// !$*UTF8*$!
{
	archiveVersion = 1;
	classes = {
	};
	objectVersion = 56;
	objects = {

/* Begin PBXBuildFile section */
		ADAAA0D72ACF568100AD4EC8 /* whiskApp.swift in Sources */ = {isa = PBXBuildFile; fileRef = ADAAA0D62ACF568100AD4EC8 /* whiskApp.swift */; };
		ADAAA0D92ACF568100AD4EC8 /* ContentView.swift in Sources */ = {isa = PBXBuildFile; fileRef = ADAAA0D82ACF568100AD4EC8 /* ContentView.swift */; };
		ADAAA0DB2ACF568200AD4EC8 /* Assets.xcassets in Resources */ = {isa = PBXBuildFile; fileRef = ADAAA0DA2ACF568200AD4EC8 /* Assets.xcassets */; };
		ADAAA0DE2ACF568200AD4EC8 /* Preview Assets.xcassets in Resources */ = {isa = PBXBuildFile; fileRef = ADAAA0DD2ACF568200AD4EC8 /* Preview Assets.xcassets */; };
		ADAAA0EC2ACF5A4200AD4EC8 /* HomeView.swift in Sources */ = {isa = PBXBuildFile; fileRef = ADAAA0EB2ACF5A4200AD4EC8 /* HomeView.swift */; };
		ADAAA0EE2ACF5A6200AD4EC8 /* AddRecipeView.swift in Sources */ = {isa = PBXBuildFile; fileRef = ADAAA0ED2ACF5A6200AD4EC8 /* AddRecipeView.swift */; };
		ADAAA0F02ACF5C8D00AD4EC8 /* FavoritesView.swift in Sources */ = {isa = PBXBuildFile; fileRef = ADAAA0EF2ACF5C8D00AD4EC8 /* FavoritesView.swift */; };
		ADAAA0F22ACF5DD400AD4EC8 /* TabBar.swift in Sources */ = {isa = PBXBuildFile; fileRef = ADAAA0F12ACF5DD400AD4EC8 /* TabBar.swift */; };
		ADAAA0F42ACF7D8D00AD4EC8 /* RecipeModel.swift in Sources */ = {isa = PBXBuildFile; fileRef = ADAAA0F32ACF7D8D00AD4EC8 /* RecipeModel.swift */; };
		ADCD89402AD09963009C059E /* RecipeCard.swift in Sources */ = {isa = PBXBuildFile; fileRef = ADCD893F2AD09963009C059E /* RecipeCard.swift */; };
		ADCD89422AD0A237009C059E /* RecipeList.swift in Sources */ = {isa = PBXBuildFile; fileRef = ADCD89412AD0A237009C059E /* RecipeList.swift */; };
/* End PBXBuildFile section */

/* Begin PBXFileReference section */
		ADAAA0D32ACF568100AD4EC8 /* whisk.app */ = {isa = PBXFileReference; explicitFileType = wrapper.application; includeInIndex = 0; path = whisk.app; sourceTree = BUILT_PRODUCTS_DIR; };
		ADAAA0D62ACF568100AD4EC8 /* whiskApp.swift */ = {isa = PBXFileReference; lastKnownFileType = sourcecode.swift; path = whiskApp.swift; sourceTree = "<group>"; };
		ADAAA0D82ACF568100AD4EC8 /* ContentView.swift */ = {isa = PBXFileReference; lastKnownFileType = sourcecode.swift; path = ContentView.swift; sourceTree = "<group>"; };
		ADAAA0DA2ACF568200AD4EC8 /* Assets.xcassets */ = {isa = PBXFileReference; lastKnownFileType = folder.assetcatalog; path = Assets.xcassets; sourceTree = "<group>"; };
		ADAAA0DD2ACF568200AD4EC8 /* Preview Assets.xcassets */ = {isa = PBXFileReference; lastKnownFileType = folder.assetcatalog; path = "Preview Assets.xcassets"; sourceTree = "<group>"; };
		ADAAA0EB2ACF5A4200AD4EC8 /* HomeView.swift */ = {isa = PBXFileReference; lastKnownFileType = sourcecode.swift; path = HomeView.swift; sourceTree = "<group>"; };
		ADAAA0ED2ACF5A6200AD4EC8 /* AddRecipeView.swift */ = {isa = PBXFileReference; lastKnownFileType = sourcecode.swift; path = AddRecipeView.swift; sourceTree = "<group>"; };
		ADAAA0EF2ACF5C8D00AD4EC8 /* FavoritesView.swift */ = {isa = PBXFileReference; lastKnownFileType = sourcecode.swift; path = FavoritesView.swift; sourceTree = "<group>"; };
		ADAAA0F12ACF5DD400AD4EC8 /* TabBar.swift */ = {isa = PBXFileReference; lastKnownFileType = sourcecode.swift; path = TabBar.swift; sourceTree = "<group>"; };
		ADAAA0F32ACF7D8D00AD4EC8 /* RecipeModel.swift */ = {isa = PBXFileReference; lastKnownFileType = sourcecode.swift; path = RecipeModel.swift; sourceTree = "<group>"; };
		ADCD893F2AD09963009C059E /* RecipeCard.swift */ = {isa = PBXFileReference; lastKnownFileType = sourcecode.swift; path = RecipeCard.swift; sourceTree = "<group>"; };
		ADCD89412AD0A237009C059E /* RecipeList.swift */ = {isa = PBXFileReference; lastKnownFileType = sourcecode.swift; path = RecipeList.swift; sourceTree = "<group>"; };
/* End PBXFileReference section */

/* Begin PBXFrameworksBuildPhase section */
		ADAAA0D02ACF568100AD4EC8 /* Frameworks */ = {
			isa = PBXFrameworksBuildPhase;
			buildActionMask = 2147483647;
			files = (
			);
			runOnlyForDeploymentPostprocessing = 0;
		};
/* End PBXFrameworksBuildPhase section */

/* Begin PBXGroup section */
		ADAAA0CA2ACF568100AD4EC8 = {
			isa = PBXGroup;
			children = (
				ADAAA0D52ACF568100AD4EC8 /* whisk */,
				ADAAA0D42ACF568100AD4EC8 /* Products */,
			);
			sourceTree = "<group>";
		};
		ADAAA0D42ACF568100AD4EC8 /* Products */ = {
			isa = PBXGroup;
			children = (
				ADAAA0D32ACF568100AD4EC8 /* whisk.app */,
			);
			name = Products;
			sourceTree = "<group>";
		};
		ADAAA0D52ACF568100AD4EC8 /* whisk */ = {
			isa = PBXGroup;
			children = (
				ADAAA0E72ACF591800AD4EC8 /* Models */,
				ADAAA0E62ACF590900AD4EC8 /* ViewModels */,
				ADAAA0E52ACF58F600AD4EC8 /* Views */,
				ADAAA0D62ACF568100AD4EC8 /* whiskApp.swift */,
				ADAAA0DA2ACF568200AD4EC8 /* Assets.xcassets */,
				ADAAA0DC2ACF568200AD4EC8 /* Preview Content */,
			);
			path = whisk;
			sourceTree = "<group>";
		};
		ADAAA0DC2ACF568200AD4EC8 /* Preview Content */ = {
			isa = PBXGroup;
			children = (
				ADAAA0DD2ACF568200AD4EC8 /* Preview Assets.xcassets */,
			);
			path = "Preview Content";
			sourceTree = "<group>";
		};
		ADAAA0E52ACF58F600AD4EC8 /* Views */ = {
			isa = PBXGroup;
			children = (
				ADAAA0EA2ACF594400AD4EC8 /* Components */,
				ADAAA0E92ACF593300AD4EC8 /* Detail */,
				ADAAA0E82ACF592700AD4EC8 /* Main */,
			);
			path = Views;
			sourceTree = "<group>";
		};
		ADAAA0E62ACF590900AD4EC8 /* ViewModels */ = {
			isa = PBXGroup;
			children = (
			);
			path = ViewModels;
			sourceTree = "<group>";
		};
		ADAAA0E72ACF591800AD4EC8 /* Models */ = {
			isa = PBXGroup;
			children = (
				ADAAA0F32ACF7D8D00AD4EC8 /* RecipeModel.swift */,
			);
			path = Models;
			sourceTree = "<group>";
		};
		ADAAA0E82ACF592700AD4EC8 /* Main */ = {
			isa = PBXGroup;
			children = (
				ADAAA0D82ACF568100AD4EC8 /* ContentView.swift */,
				ADAAA0F12ACF5DD400AD4EC8 /* TabBar.swift */,
				ADAAA0EB2ACF5A4200AD4EC8 /* HomeView.swift */,
				ADAAA0ED2ACF5A6200AD4EC8 /* AddRecipeView.swift */,
				ADAAA0EF2ACF5C8D00AD4EC8 /* FavoritesView.swift */,
			);
			path = Main;
			sourceTree = "<group>";
		};
		ADAAA0E92ACF593300AD4EC8 /* Detail */ = {
			isa = PBXGroup;
			children = (
			);
			path = Detail;
			sourceTree = "<group>";
		};
		ADAAA0EA2ACF594400AD4EC8 /* Components */ = {
			isa = PBXGroup;
			children = (
				ADCD893F2AD09963009C059E /* RecipeCard.swift */,
				ADCD89412AD0A237009C059E /* RecipeList.swift */,
			);
			path = Components;
			sourceTree = "<group>";
		};
/* End PBXGroup section */

/* Begin PBXNativeTarget section */
		ADAAA0D22ACF568100AD4EC8 /* whisk */ = {
			isa = PBXNativeTarget;
			buildConfigurationList = ADAAA0E12ACF568200AD4EC8 /* Build configuration list for PBXNativeTarget "whisk" */;
			buildPhases = (
				ADAAA0CF2ACF568100AD4EC8 /* Sources */,
				ADAAA0D02ACF568100AD4EC8 /* Frameworks */,
				ADAAA0D12ACF568100AD4EC8 /* Resources */,
			);
			buildRules = (
			);
			dependencies = (
			);
			name = whisk;
			productName = whisk;
			productReference = ADAAA0D32ACF568100AD4EC8 /* whisk.app */;
			productType = "com.apple.product-type.application";
		};
/* End PBXNativeTarget section */

/* Begin PBXProject section */
		ADAAA0CB2ACF568100AD4EC8 /* Project object */ = {
			isa = PBXProject;
			attributes = {
				BuildIndependentTargetsInParallel = 1;
				LastSwiftUpdateCheck = 1500;
				LastUpgradeCheck = 1500;
				TargetAttributes = {
					ADAAA0D22ACF568100AD4EC8 = {
						CreatedOnToolsVersion = 15.0;
					};
				};
			};
			buildConfigurationList = ADAAA0CE2ACF568100AD4EC8 /* Build configuration list for PBXProject "whisk" */;
			compatibilityVersion = "Xcode 14.0";
			developmentRegion = en;
			hasScannedForEncodings = 0;
			knownRegions = (
				en,
				Base,
			);
			mainGroup = ADAAA0CA2ACF568100AD4EC8;
			productRefGroup = ADAAA0D42ACF568100AD4EC8 /* Products */;
			projectDirPath = "";
			projectRoot = "";
			targets = (
				ADAAA0D22ACF568100AD4EC8 /* whisk */,
			);
		};
/* End PBXProject section */

/* Begin PBXResourcesBuildPhase section */
		ADAAA0D12ACF568100AD4EC8 /* Resources */ = {
			isa = PBXResourcesBuildPhase;
			buildActionMask = 2147483647;
			files = (
				ADAAA0DE2ACF568200AD4EC8 /* Preview Assets.xcassets in Resources */,
				ADAAA0DB2ACF568200AD4EC8 /* Assets.xcassets in Resources */,
			);
			runOnlyForDeploymentPostprocessing = 0;
		};
/* End PBXResourcesBuildPhase section */

/* Begin PBXSourcesBuildPhase section */
		ADAAA0CF2ACF568100AD4EC8 /* Sources */ = {
			isa = PBXSourcesBuildPhase;
			buildActionMask = 2147483647;
			files = (
				ADAAA0F42ACF7D8D00AD4EC8 /* RecipeModel.swift in Sources */,
				ADCD89422AD0A237009C059E /* RecipeList.swift in Sources */,
				ADAAA0F02ACF5C8D00AD4EC8 /* FavoritesView.swift in Sources */,
				ADAAA0EC2ACF5A4200AD4EC8 /* HomeView.swift in Sources */,
				ADAAA0D92ACF568100AD4EC8 /* ContentView.swift in Sources */,
				ADAAA0F22ACF5DD400AD4EC8 /* TabBar.swift in Sources */,
				ADCD89402AD09963009C059E /* RecipeCard.swift in Sources */,
				ADAAA0EE2ACF5A6200AD4EC8 /* AddRecipeView.swift in Sources */,
				ADAAA0D72ACF568100AD4EC8 /* whiskApp.swift in Sources */,
			);
			runOnlyForDeploymentPostprocessing = 0;
		};
/* End PBXSourcesBuildPhase section */

/* Begin XCBuildConfiguration section */
		ADAAA0DF2ACF568200AD4EC8 /* Debug */ = {
			isa = XCBuildConfiguration;
			buildSettings = {
				ALWAYS_SEARCH_USER_PATHS = NO;
				ASSETCATALOG_COMPILER_GENERATE_SWIFT_ASSET_SYMBOL_EXTENSIONS = YES;
				CLANG_ANALYZER_NONNULL = YES;
				CLANG_ANALYZER_NUMBER_OBJECT_CONVERSION = YES_AGGRESSIVE;
				CLANG_CXX_LANGUAGE_STANDARD = "gnu++20";
				CLANG_ENABLE_MODULES = YES;
				CLANG_ENABLE_OBJC_ARC = YES;
				CLANG_ENABLE_OBJC_WEAK = YES;
				CLANG_WARN_BLOCK_CAPTURE_AUTORELEASING = YES;
				CLANG_WARN_BOOL_CONVERSION = YES;
				CLANG_WARN_COMMA = YES;
				CLANG_WARN_CONSTANT_CONVERSION = YES;
				CLANG_WARN_DEPRECATED_OBJC_IMPLEMENTATIONS = YES;
				CLANG_WARN_DIRECT_OBJC_ISA_USAGE = YES_ERROR;
				CLANG_WARN_DOCUMENTATION_COMMENTS = YES;
				CLANG_WARN_EMPTY_BODY = YES;
				CLANG_WARN_ENUM_CONVERSION = YES;
				CLANG_WARN_INFINITE_RECURSION = YES;
				CLANG_WARN_INT_CONVERSION = YES;
				CLANG_WARN_NON_LITERAL_NULL_CONVERSION = YES;
				CLANG_WARN_OBJC_IMPLICIT_RETAIN_SELF = YES;
				CLANG_WARN_OBJC_LITERAL_CONVERSION = YES;
				CLANG_WARN_OBJC_ROOT_CLASS = YES_ERROR;
				CLANG_WARN_QUOTED_INCLUDE_IN_FRAMEWORK_HEADER = YES;
				CLANG_WARN_RANGE_LOOP_ANALYSIS = YES;
				CLANG_WARN_STRICT_PROTOTYPES = YES;
				CLANG_WARN_SUSPICIOUS_MOVE = YES;
				CLANG_WARN_UNGUARDED_AVAILABILITY = YES_AGGRESSIVE;
				CLANG_WARN_UNREACHABLE_CODE = YES;
				CLANG_WARN__DUPLICATE_METHOD_MATCH = YES;
				COPY_PHASE_STRIP = NO;
				DEBUG_INFORMATION_FORMAT = dwarf;
				ENABLE_STRICT_OBJC_MSGSEND = YES;
				ENABLE_TESTABILITY = YES;
				ENABLE_USER_SCRIPT_SANDBOXING = YES;
				GCC_C_LANGUAGE_STANDARD = gnu17;
				GCC_DYNAMIC_NO_PIC = NO;
				GCC_NO_COMMON_BLOCKS = YES;
				GCC_OPTIMIZATION_LEVEL = 0;
				GCC_PREPROCESSOR_DEFINITIONS = (
					"DEBUG=1",
					"$(inherited)",
				);
				GCC_WARN_64_TO_32_BIT_CONVERSION = YES;
				GCC_WARN_ABOUT_RETURN_TYPE = YES_ERROR;
				GCC_WARN_UNDECLARED_SELECTOR = YES;
				GCC_WARN_UNINITIALIZED_AUTOS = YES_AGGRESSIVE;
				GCC_WARN_UNUSED_FUNCTION = YES;
				GCC_WARN_UNUSED_VARIABLE = YES;
				IPHONEOS_DEPLOYMENT_TARGET = 17.0;
				LOCALIZATION_PREFERS_STRING_CATALOGS = YES;
				MTL_ENABLE_DEBUG_INFO = INCLUDE_SOURCE;
				MTL_FAST_MATH = YES;
				ONLY_ACTIVE_ARCH = YES;
				SDKROOT = iphoneos;
				SWIFT_ACTIVE_COMPILATION_CONDITIONS = "DEBUG $(inherited)";
				SWIFT_OPTIMIZATION_LEVEL = "-Onone";
			};
			name = Debug;
		};
		ADAAA0E02ACF568200AD4EC8 /* Release */ = {
			isa = XCBuildConfiguration;
			buildSettings = {
				ALWAYS_SEARCH_USER_PATHS = NO;
				ASSETCATALOG_COMPILER_GENERATE_SWIFT_ASSET_SYMBOL_EXTENSIONS = YES;
				CLANG_ANALYZER_NONNULL = YES;
				CLANG_ANALYZER_NUMBER_OBJECT_CONVERSION = YES_AGGRESSIVE;
				CLANG_CXX_LANGUAGE_STANDARD = "gnu++20";
				CLANG_ENABLE_MODULES = YES;
				CLANG_ENABLE_OBJC_ARC = YES;
				CLANG_ENABLE_OBJC_WEAK = YES;
				CLANG_WARN_BLOCK_CAPTURE_AUTORELEASING = YES;
				CLANG_WARN_BOOL_CONVERSION = YES;
				CLANG_WARN_COMMA = YES;
				CLANG_WARN_CONSTANT_CONVERSION = YES;
				CLANG_WARN_DEPRECATED_OBJC_IMPLEMENTATIONS = YES;
				CLANG_WARN_DIRECT_OBJC_ISA_USAGE = YES_ERROR;
				CLANG_WARN_DOCUMENTATION_COMMENTS = YES;
				CLANG_WARN_EMPTY_BODY = YES;
				CLANG_WARN_ENUM_CONVERSION = YES;
				CLANG_WARN_INFINITE_RECURSION = YES;
				CLANG_WARN_INT_CONVERSION = YES;
				CLANG_WARN_NON_LITERAL_NULL_CONVERSION = YES;
				CLANG_WARN_OBJC_IMPLICIT_RETAIN_SELF = YES;
				CLANG_WARN_OBJC_LITERAL_CONVERSION = YES;
				CLANG_WARN_OBJC_ROOT_CLASS = YES_ERROR;
				CLANG_WARN_QUOTED_INCLUDE_IN_FRAMEWORK_HEADER = YES;
				CLANG_WARN_RANGE_LOOP_ANALYSIS = YES;
				CLANG_WARN_STRICT_PROTOTYPES = YES;
				CLANG_WARN_SUSPICIOUS_MOVE = YES;
				CLANG_WARN_UNGUARDED_AVAILABILITY = YES_AGGRESSIVE;
				CLANG_WARN_UNREACHABLE_CODE = YES;
				CLANG_WARN__DUPLICATE_METHOD_MATCH = YES;
				COPY_PHASE_STRIP = NO;
				DEBUG_INFORMATION_FORMAT = "dwarf-with-dsym";
				ENABLE_NS_ASSERTIONS = NO;
				ENABLE_STRICT_OBJC_MSGSEND = YES;
				ENABLE_USER_SCRIPT_SANDBOXING = YES;
				GCC_C_LANGUAGE_STANDARD = gnu17;
				GCC_NO_COMMON_BLOCKS = YES;
				GCC_WARN_64_TO_32_BIT_CONVERSION = YES;
				GCC_WARN_ABOUT_RETURN_TYPE = YES_ERROR;
				GCC_WARN_UNDECLARED_SELECTOR = YES;
				GCC_WARN_UNINITIALIZED_AUTOS = YES_AGGRESSIVE;
				GCC_WARN_UNUSED_FUNCTION = YES;
				GCC_WARN_UNUSED_VARIABLE = YES;
				IPHONEOS_DEPLOYMENT_TARGET = 17.0;
				LOCALIZATION_PREFERS_STRING_CATALOGS = YES;
				MTL_ENABLE_DEBUG_INFO = NO;
				MTL_FAST_MATH = YES;
				SDKROOT = iphoneos;
				SWIFT_COMPILATION_MODE = wholemodule;
				VALIDATE_PRODUCT = YES;
			};
			name = Release;
		};
		ADAAA0E22ACF568200AD4EC8 /* Debug */ = {
			isa = XCBuildConfiguration;
			buildSettings = {
				ASSETCATALOG_COMPILER_APPICON_NAME = AppIcon;
				ASSETCATALOG_COMPILER_GLOBAL_ACCENT_COLOR_NAME = AccentColor;
				CODE_SIGN_STYLE = Automatic;
				CURRENT_PROJECT_VERSION = 1;
				DEVELOPMENT_ASSET_PATHS = "\"whisk/Preview Content\"";
				ENABLE_PREVIEWS = YES;
				GENERATE_INFOPLIST_FILE = YES;
				INFOPLIST_KEY_UIApplicationSceneManifest_Generation = YES;
				INFOPLIST_KEY_UIApplicationSupportsIndirectInputEvents = YES;
				INFOPLIST_KEY_UILaunchScreen_Generation = YES;
				INFOPLIST_KEY_UISupportedInterfaceOrientations_iPad = "UIInterfaceOrientationPortrait UIInterfaceOrientationPortraitUpsideDown UIInterfaceOrientationLandscapeLeft UIInterfaceOrientationLandscapeRight";
				INFOPLIST_KEY_UISupportedInterfaceOrientations_iPhone = "UIInterfaceOrientationPortrait UIInterfaceOrientationLandscapeLeft UIInterfaceOrientationLandscapeRight";
				LD_RUNPATH_SEARCH_PATHS = (
					"$(inherited)",
					"@executable_path/Frameworks",
				);
				MARKETING_VERSION = 1.0;
				PRODUCT_BUNDLE_IDENTIFIER = com.adalee.whisk;
				PRODUCT_NAME = "$(TARGET_NAME)";
				SWIFT_EMIT_LOC_STRINGS = YES;
				SWIFT_VERSION = 5.0;
				TARGETED_DEVICE_FAMILY = "1,2";
			};
			name = Debug;
		};
		ADAAA0E32ACF568200AD4EC8 /* Release */ = {
			isa = XCBuildConfiguration;
			buildSettings = {
				ASSETCATALOG_COMPILER_APPICON_NAME = AppIcon;
				ASSETCATALOG_COMPILER_GLOBAL_ACCENT_COLOR_NAME = AccentColor;
				CODE_SIGN_STYLE = Automatic;
				CURRENT_PROJECT_VERSION = 1;
				DEVELOPMENT_ASSET_PATHS = "\"whisk/Preview Content\"";
				ENABLE_PREVIEWS = YES;
				GENERATE_INFOPLIST_FILE = YES;
				INFOPLIST_KEY_UIApplicationSceneManifest_Generation = YES;
				INFOPLIST_KEY_UIApplicationSupportsIndirectInputEvents = YES;
				INFOPLIST_KEY_UILaunchScreen_Generation = YES;
				INFOPLIST_KEY_UISupportedInterfaceOrientations_iPad = "UIInterfaceOrientationPortrait UIInterfaceOrientationPortraitUpsideDown UIInterfaceOrientationLandscapeLeft UIInterfaceOrientationLandscapeRight";
				INFOPLIST_KEY_UISupportedInterfaceOrientations_iPhone = "UIInterfaceOrientationPortrait UIInterfaceOrientationLandscapeLeft UIInterfaceOrientationLandscapeRight";
				LD_RUNPATH_SEARCH_PATHS = (
					"$(inherited)",
					"@executable_path/Frameworks",
				);
				MARKETING_VERSION = 1.0;
				PRODUCT_BUNDLE_IDENTIFIER = com.adalee.whisk;
				PRODUCT_NAME = "$(TARGET_NAME)";
				SWIFT_EMIT_LOC_STRINGS = YES;
				SWIFT_VERSION = 5.0;
				TARGETED_DEVICE_FAMILY = "1,2";
			};
			name = Release;
		};
/* End XCBuildConfiguration section */

/* Begin XCConfigurationList section */
		ADAAA0CE2ACF568100AD4EC8 /* Build configuration list for PBXProject "whisk" */ = {
			isa = XCConfigurationList;
			buildConfigurations = (
				ADAAA0DF2ACF568200AD4EC8 /* Debug */,
				ADAAA0E02ACF568200AD4EC8 /* Release */,
			);
			defaultConfigurationIsVisible = 0;
			defaultConfigurationName = Release;
		};
		ADAAA0E12ACF568200AD4EC8 /* Build configuration list for PBXNativeTarget "whisk" */ = {
			isa = XCConfigurationList;
			buildConfigurations = (
				ADAAA0E22ACF568200AD4EC8 /* Debug */,
				ADAAA0E32ACF568200AD4EC8 /* Release */,
			);
			defaultConfigurationIsVisible = 0;
			defaultConfigurationName = Release;
		};
/* End XCConfigurationList section */
	};
	rootObject = ADAAA0CB2ACF568100AD4EC8 /* Project object */;
}
